
Microsoft Visual Studio Solution File, Format Version 12.00
# Visual Studio Version 17
VisualStudioVersion = 17.1.32407.343
MinimumVisualStudioVersion = 10.0.40219.1
Project("{FAE04EC0-301F-11D3-BF4B-00C04F79EFBC}") = "MetroBackup", "Services\MetroBackup\MetroBackup.csproj", "{DC0AECE6-1BB0-41E6-ABC6-C9B17A7E5295}"
EndProject
Project("{2150E333-8FDC-42A3-9474-1A3956D46DE8}") = "Services", "Services", "{D5BE0DBC-35DA-4DF3-A2CF-6518DC0460D9}"
EndProject
Project("{2150E333-8FDC-42A3-9474-1A3956D46DE8}") = "Core", "Core", "{1CF6FAAB-CE19-407C-A4DE-324D722336BE}"
EndProject
Project("{9A19103F-16F7-4668-BE54-9A1E7A4F7556}") = "MetroBackup.Domain", "Core\MetroBackup.Domain\MetroBackup.Domain.csproj", "{119038E9-0874-4FDF-860C-407305F52AFA}"
EndProject
Project("{9A19103F-16F7-4668-BE54-9A1E7A4F7556}") = "MetroBackup.Infra.Data", "Core\MetroBackup.Infra.Data\MetroBackup.Infra.Data.csproj", "{A3561E7D-0445-4DB5-89AE-F3C60CA1B993}"
EndProject
Project("{FAE04EC0-301F-11D3-BF4B-00C04F79EFBC}") = "MetroBackup.Application", "Core\MetroBackup.Application\MetroBackup.Application.csproj", "{1DBEB10B-9F5E-4A84-BEE6-D1B5C802207B}"
EndProject
Global
	GlobalSection(SolutionConfigurationPlatforms) = preSolution
		Debug|Any CPU = Debug|Any CPU
		Release|Any CPU = Release|Any CPU
	EndGlobalSection
	GlobalSection(ProjectConfigurationPlatforms) = postSolution
		{DC0AECE6-1BB0-41E6-ABC6-C9B17A7E5295}.Debug|Any CPU.ActiveCfg = Debug|Any CPU
		{DC0AECE6-1BB0-41E6-ABC6-C9B17A7E5295}.Debug|Any CPU.Build.0 = Debug|Any CPU
		{DC0AECE6-1BB0-41E6-ABC6-C9B17A7E5295}.Release|Any CPU.ActiveCfg = Release|Any CPU
		{DC0AECE6-1BB0-41E6-ABC6-C9B17A7E5295}.Release|Any CPU.Build.0 = Release|Any CPU
		{119038E9-0874-4FDF-860C-407305F52AFA}.Debug|Any CPU.ActiveCfg = Debug|Any CPU
		{119038E9-0874-4FDF-860C-407305F52AFA}.Debug|Any CPU.Build.0 = Debug|Any CPU
		{119038E9-0874-4FDF-860C-407305F52AFA}.Release|Any CPU.ActiveCfg = Release|Any CPU
		{119038E9-0874-4FDF-860C-407305F52AFA}.Release|Any CPU.Build.0 = Release|Any CPU
		{A3561E7D-0445-4DB5-89AE-F3C60CA1B993}.Debug|Any CPU.ActiveCfg = Debug|Any CPU
		{A3561E7D-0445-4DB5-89AE-F3C60CA1B993}.Debug|Any CPU.Build.0 = Debug|Any CPU
		{A3561E7D-0445-4DB5-89AE-F3C60CA1B993}.Release|Any CPU.ActiveCfg = Release|Any CPU
		{A3561E7D-0445-4DB5-89AE-F3C60CA1B993}.Release|Any CPU.Build.0 = Release|Any CPU
		{1DBEB10B-9F5E-4A84-BEE6-D1B5C802207B}.Debug|Any CPU.ActiveCfg = Debug|Any CPU
		{1DBEB10B-9F5E-4A84-BEE6-D1B5C802207B}.Debug|Any CPU.Build.0 = Debug|Any CPU
		{1DBEB10B-9F5E-4A84-BEE6-D1B5C802207B}.Release|Any CPU.ActiveCfg = Release|Any CPU
		{1DBEB10B-9F5E-4A84-BEE6-D1B5C802207B}.Release|Any CPU.Build.0 = Release|Any CPU
	EndGlobalSection
	GlobalSection(SolutionProperties) = preSolution
		HideSolutionNode = FALSE
	EndGlobalSection
	GlobalSection(NestedProjects) = preSolution
		{DC0AECE6-1BB0-41E6-ABC6-C9B17A7E5295} = {D5BE0DBC-35DA-4DF3-A2CF-6518DC0460D9}
		{119038E9-0874-4FDF-860C-407305F52AFA} = {1CF6FAAB-CE19-407C-A4DE-324D722336BE}
		{A3561E7D-0445-4DB5-89AE-F3C60CA1B993} = {1CF6FAAB-CE19-407C-A4DE-324D722336BE}
		{1DBEB10B-9F5E-4A84-BEE6-D1B5C802207B} = {1CF6FAAB-CE19-407C-A4DE-324D722336BE}
	EndGlobalSection
	GlobalSection(ExtensibilityGlobals) = postSolution
		SolutionGuid = {7871ED8C-0236-414A-B49A-A64C4FFE307C}
	EndGlobalSection
EndGlobal
